// !$*UTF8*$!
{
	archiveVersion = 1;
	classes = {
	};
	objectVersion = 56;
	objects = {

/* Begin PBXBuildFile section */
		E52255D42A41E2A30059392A /* BookListRaw.swift in Sources */ = {isa = PBXBuildFile; fileRef = E52255D32A41E2A30059392A /* BookListRaw.swift */; };
		E52255D62A41E2C40059392A /* ResultRaw.swift in Sources */ = {isa = PBXBuildFile; fileRef = E52255D52A41E2C40059392A /* ResultRaw.swift */; };
		E52255D82A41E3680059392A /* Book.swift in Sources */ = {isa = PBXBuildFile; fileRef = E52255D72A41E3680059392A /* Book.swift */; };
		E52255DB2A41E3D20059392A /* BookListView.swift in Sources */ = {isa = PBXBuildFile; fileRef = E52255DA2A41E3D20059392A /* BookListView.swift */; };
		E52255DD2A41E5870059392A /* FavoriteListView.swift in Sources */ = {isa = PBXBuildFile; fileRef = E52255DC2A41E5870059392A /* FavoriteListView.swift */; };
		E52255E02A421D240059392A /* CoverPageView.swift in Sources */ = {isa = PBXBuildFile; fileRef = E52255DF2A421D240059392A /* CoverPageView.swift */; };
		E52255E72A4228190059392A /* BookViewModel.swift in Sources */ = {isa = PBXBuildFile; fileRef = E52255E62A4228190059392A /* BookViewModel.swift */; };
		E52255E92A422C180059392A /* BookError.swift in Sources */ = {isa = PBXBuildFile; fileRef = E52255E82A422C180059392A /* BookError.swift */; };
		E52255F82A42454B0059392A /* Endpoint.swift in Sources */ = {isa = PBXBuildFile; fileRef = E52255F72A42454B0059392A /* Endpoint.swift */; };
		E52255FA2A42458F0059392A /* Request.swift in Sources */ = {isa = PBXBuildFile; fileRef = E52255F92A42458F0059392A /* Request.swift */; };
		E52255FC2A4246A70059392A /* NetworkRequest.swift in Sources */ = {isa = PBXBuildFile; fileRef = E52255FB2A4246A70059392A /* NetworkRequest.swift */; };
		E52255FE2A4246F40059392A /* NetworkError.swift in Sources */ = {isa = PBXBuildFile; fileRef = E52255FD2A4246F40059392A /* NetworkError.swift */; };
		E52256002A4254570059392A /* MyBooksEndpoints.swift in Sources */ = {isa = PBXBuildFile; fileRef = E52255FF2A4254570059392A /* MyBooksEndpoints.swift */; };
		E52256022A4254B60059392A /* BooksService.swift in Sources */ = {isa = PBXBuildFile; fileRef = E52256012A4254B60059392A /* BooksService.swift */; };
		E52B51682A448C9800309FE1 /* BookViewModelTests.swift in Sources */ = {isa = PBXBuildFile; fileRef = E52B51672A448C9800309FE1 /* BookViewModelTests.swift */; };
		E5A3002A2A41C35800849C67 /* MyBooksApp.swift in Sources */ = {isa = PBXBuildFile; fileRef = E5A300292A41C35800849C67 /* MyBooksApp.swift */; };
		E5A3002C2A41C35800849C67 /* ContentView.swift in Sources */ = {isa = PBXBuildFile; fileRef = E5A3002B2A41C35800849C67 /* ContentView.swift */; };
		E5A3002E2A41C35900849C67 /* Assets.xcassets in Resources */ = {isa = PBXBuildFile; fileRef = E5A3002D2A41C35900849C67 /* Assets.xcassets */; };
		E5A300312A41C35900849C67 /* Preview Assets.xcassets in Resources */ = {isa = PBXBuildFile; fileRef = E5A300302A41C35900849C67 /* Preview Assets.xcassets */; };
		E5A300452A41C35900849C67 /* MyBooksUITests.swift in Sources */ = {isa = PBXBuildFile; fileRef = E5A300442A41C35900849C67 /* MyBooksUITests.swift */; };
		E5A300472A41C35900849C67 /* MyBooksUITestsLaunchTests.swift in Sources */ = {isa = PBXBuildFile; fileRef = E5A300462A41C35900849C67 /* MyBooksUITestsLaunchTests.swift */; };
		E5B1B4BA2A448A0600E4F84E /* NetworkRequestMock.swift in Sources */ = {isa = PBXBuildFile; fileRef = E5B1B4B92A448A0600E4F84E /* NetworkRequestMock.swift */; };
		E5E1A7BB2A457FAA003796CB /* BooksServiceMock.swift in Sources */ = {isa = PBXBuildFile; fileRef = E5E1A7BA2A457FAA003796CB /* BooksServiceMock.swift */; };
		E5FA8BE72A44381D003E8DDF /* RequestTests.swift in Sources */ = {isa = PBXBuildFile; fileRef = E5FA8BE62A44381D003E8DDF /* RequestTests.swift */; };
		E5FA8BE92A4441B9003E8DDF /* NetworkRequestTests.swift in Sources */ = {isa = PBXBuildFile; fileRef = E5FA8BE82A4441B9003E8DDF /* NetworkRequestTests.swift */; };
		E5FA8BEB2A445954003E8DDF /* bookListRaw.json in Resources */ = {isa = PBXBuildFile; fileRef = E5FA8BEA2A445954003E8DDF /* bookListRaw.json */; };
		E5FA8BED2A446768003E8DDF /* URLSessionMock.swift in Sources */ = {isa = PBXBuildFile; fileRef = E5FA8BEC2A446768003E8DDF /* URLSessionMock.swift */; };
		E5FA8BEF2A446F9F003E8DDF /* URLSessionProtocol.swift in Sources */ = {isa = PBXBuildFile; fileRef = E5FA8BEE2A446F9F003E8DDF /* URLSessionProtocol.swift */; };
		E5FA8BF12A447EE6003E8DDF /* BookServiceTests.swift in Sources */ = {isa = PBXBuildFile; fileRef = E5FA8BF02A447EE6003E8DDF /* BookServiceTests.swift */; };
/* End PBXBuildFile section */

/* Begin PBXContainerItemProxy section */
		E5A300372A41C35900849C67 /* PBXContainerItemProxy */ = {
			isa = PBXContainerItemProxy;
			containerPortal = E5A3001E2A41C35800849C67 /* Project object */;
			proxyType = 1;
			remoteGlobalIDString = E5A300252A41C35800849C67;
			remoteInfo = MyBooks;
		};
		E5A300412A41C35900849C67 /* PBXContainerItemProxy */ = {
			isa = PBXContainerItemProxy;
			containerPortal = E5A3001E2A41C35800849C67 /* Project object */;
			proxyType = 1;
			remoteGlobalIDString = E5A300252A41C35800849C67;
			remoteInfo = MyBooks;
		};
/* End PBXContainerItemProxy section */

/* Begin PBXFileReference section */
		E52255D32A41E2A30059392A /* BookListRaw.swift */ = {isa = PBXFileReference; lastKnownFileType = sourcecode.swift; path = BookListRaw.swift; sourceTree = "<group>"; };
		E52255D52A41E2C40059392A /* ResultRaw.swift */ = {isa = PBXFileReference; lastKnownFileType = sourcecode.swift; path = ResultRaw.swift; sourceTree = "<group>"; };
		E52255D72A41E3680059392A /* Book.swift */ = {isa = PBXFileReference; lastKnownFileType = sourcecode.swift; path = Book.swift; sourceTree = "<group>"; };
		E52255DA2A41E3D20059392A /* BookListView.swift */ = {isa = PBXFileReference; lastKnownFileType = sourcecode.swift; path = BookListView.swift; sourceTree = "<group>"; };
		E52255DC2A41E5870059392A /* FavoriteListView.swift */ = {isa = PBXFileReference; lastKnownFileType = sourcecode.swift; path = FavoriteListView.swift; sourceTree = "<group>"; };
		E52255DF2A421D240059392A /* CoverPageView.swift */ = {isa = PBXFileReference; lastKnownFileType = sourcecode.swift; path = CoverPageView.swift; sourceTree = "<group>"; };
		E52255E62A4228190059392A /* BookViewModel.swift */ = {isa = PBXFileReference; lastKnownFileType = sourcecode.swift; path = BookViewModel.swift; sourceTree = "<group>"; };
		E52255E82A422C180059392A /* BookError.swift */ = {isa = PBXFileReference; lastKnownFileType = sourcecode.swift; path = BookError.swift; sourceTree = "<group>"; };
		E52255F72A42454B0059392A /* Endpoint.swift */ = {isa = PBXFileReference; lastKnownFileType = sourcecode.swift; path = Endpoint.swift; sourceTree = "<group>"; };
		E52255F92A42458F0059392A /* Request.swift */ = {isa = PBXFileReference; lastKnownFileType = sourcecode.swift; path = Request.swift; sourceTree = "<group>"; };
		E52255FB2A4246A70059392A /* NetworkRequest.swift */ = {isa = PBXFileReference; lastKnownFileType = sourcecode.swift; path = NetworkRequest.swift; sourceTree = "<group>"; };
		E52255FD2A4246F40059392A /* NetworkError.swift */ = {isa = PBXFileReference; lastKnownFileType = sourcecode.swift; path = NetworkError.swift; sourceTree = "<group>"; };
		E52255FF2A4254570059392A /* MyBooksEndpoints.swift */ = {isa = PBXFileReference; lastKnownFileType = sourcecode.swift; path = MyBooksEndpoints.swift; sourceTree = "<group>"; };
		E52256012A4254B60059392A /* BooksService.swift */ = {isa = PBXFileReference; lastKnownFileType = sourcecode.swift; path = BooksService.swift; sourceTree = "<group>"; };
		E52B51672A448C9800309FE1 /* BookViewModelTests.swift */ = {isa = PBXFileReference; lastKnownFileType = sourcecode.swift; path = BookViewModelTests.swift; sourceTree = "<group>"; };
		E5A300262A41C35800849C67 /* MyBooks.app */ = {isa = PBXFileReference; explicitFileType = wrapper.application; includeInIndex = 0; path = MyBooks.app; sourceTree = BUILT_PRODUCTS_DIR; };
		E5A300292A41C35800849C67 /* MyBooksApp.swift */ = {isa = PBXFileReference; lastKnownFileType = sourcecode.swift; path = MyBooksApp.swift; sourceTree = "<group>"; };
		E5A3002B2A41C35800849C67 /* ContentView.swift */ = {isa = PBXFileReference; lastKnownFileType = sourcecode.swift; path = ContentView.swift; sourceTree = "<group>"; };
		E5A3002D2A41C35900849C67 /* Assets.xcassets */ = {isa = PBXFileReference; lastKnownFileType = folder.assetcatalog; path = Assets.xcassets; sourceTree = "<group>"; };
		E5A300302A41C35900849C67 /* Preview Assets.xcassets */ = {isa = PBXFileReference; lastKnownFileType = folder.assetcatalog; path = "Preview Assets.xcassets"; sourceTree = "<group>"; };
		E5A300362A41C35900849C67 /* MyBooksTests.xctest */ = {isa = PBXFileReference; explicitFileType = wrapper.cfbundle; includeInIndex = 0; path = MyBooksTests.xctest; sourceTree = BUILT_PRODUCTS_DIR; };
		E5A300402A41C35900849C67 /* MyBooksUITests.xctest */ = {isa = PBXFileReference; explicitFileType = wrapper.cfbundle; includeInIndex = 0; path = MyBooksUITests.xctest; sourceTree = BUILT_PRODUCTS_DIR; };
		E5A300442A41C35900849C67 /* MyBooksUITests.swift */ = {isa = PBXFileReference; lastKnownFileType = sourcecode.swift; path = MyBooksUITests.swift; sourceTree = "<group>"; };
		E5A300462A41C35900849C67 /* MyBooksUITestsLaunchTests.swift */ = {isa = PBXFileReference; lastKnownFileType = sourcecode.swift; path = MyBooksUITestsLaunchTests.swift; sourceTree = "<group>"; };
		E5B1B4B92A448A0600E4F84E /* NetworkRequestMock.swift */ = {isa = PBXFileReference; lastKnownFileType = sourcecode.swift; path = NetworkRequestMock.swift; sourceTree = "<group>"; };
		E5E1A7BA2A457FAA003796CB /* BooksServiceMock.swift */ = {isa = PBXFileReference; lastKnownFileType = sourcecode.swift; path = BooksServiceMock.swift; sourceTree = "<group>"; };
		E5FA8BE62A44381D003E8DDF /* RequestTests.swift */ = {isa = PBXFileReference; lastKnownFileType = sourcecode.swift; path = RequestTests.swift; sourceTree = "<group>"; };
		E5FA8BE82A4441B9003E8DDF /* NetworkRequestTests.swift */ = {isa = PBXFileReference; lastKnownFileType = sourcecode.swift; path = NetworkRequestTests.swift; sourceTree = "<group>"; };
		E5FA8BEA2A445954003E8DDF /* bookListRaw.json */ = {isa = PBXFileReference; lastKnownFileType = text.json; path = bookListRaw.json; sourceTree = "<group>"; };
		E5FA8BEC2A446768003E8DDF /* URLSessionMock.swift */ = {isa = PBXFileReference; lastKnownFileType = sourcecode.swift; path = URLSessionMock.swift; sourceTree = "<group>"; };
		E5FA8BEE2A446F9F003E8DDF /* URLSessionProtocol.swift */ = {isa = PBXFileReference; lastKnownFileType = sourcecode.swift; path = URLSessionProtocol.swift; sourceTree = "<group>"; };
		E5FA8BF02A447EE6003E8DDF /* BookServiceTests.swift */ = {isa = PBXFileReference; lastKnownFileType = sourcecode.swift; path = BookServiceTests.swift; sourceTree = "<group>"; };
/* End PBXFileReference section */

/* Begin PBXFrameworksBuildPhase section */
		E5A300232A41C35800849C67 /* Frameworks */ = {
			isa = PBXFrameworksBuildPhase;
			buildActionMask = 2147483647;
			files = (
			);
			runOnlyForDeploymentPostprocessing = 0;
		};
		E5A300332A41C35900849C67 /* Frameworks */ = {
			isa = PBXFrameworksBuildPhase;
			buildActionMask = 2147483647;
			files = (
			);
			runOnlyForDeploymentPostprocessing = 0;
		};
		E5A3003D2A41C35900849C67 /* Frameworks */ = {
			isa = PBXFrameworksBuildPhase;
			buildActionMask = 2147483647;
			files = (
			);
			runOnlyForDeploymentPostprocessing = 0;
		};
/* End PBXFrameworksBuildPhase section */

/* Begin PBXGroup section */
		E52255D22A41E2840059392A /* Models */ = {
			isa = PBXGroup;
			children = (
				E52255D72A41E3680059392A /* Book.swift */,
				E52255E82A422C180059392A /* BookError.swift */,
				E52255D32A41E2A30059392A /* BookListRaw.swift */,
				E52255FF2A4254570059392A /* MyBooksEndpoints.swift */,
				E52255D52A41E2C40059392A /* ResultRaw.swift */,
			);
			path = Models;
			sourceTree = "<group>";
		};
		E52255D92A41E3A90059392A /* Views */ = {
			isa = PBXGroup;
			children = (
				E52255DA2A41E3D20059392A /* BookListView.swift */,
				E5A3002B2A41C35800849C67 /* ContentView.swift */,
				E52255DF2A421D240059392A /* CoverPageView.swift */,
				E52255DC2A41E5870059392A /* FavoriteListView.swift */,
			);
			path = Views;
			sourceTree = "<group>";
		};
		E52255E52A4228010059392A /* ViewModels */ = {
			isa = PBXGroup;
			children = (
				E52255E62A4228190059392A /* BookViewModel.swift */,
				E52256012A4254B60059392A /* BooksService.swift */,
			);
			path = ViewModels;
			sourceTree = "<group>";
		};
		E52255F52A4244F80059392A /* Networking */ = {
			isa = PBXGroup;
			children = (
				E52255F72A42454B0059392A /* Endpoint.swift */,
				E52255FD2A4246F40059392A /* NetworkError.swift */,
				E52255FB2A4246A70059392A /* NetworkRequest.swift */,
				E52255F92A42458F0059392A /* Request.swift */,
				E5FA8BEE2A446F9F003E8DDF /* URLSessionProtocol.swift */,
			);
			path = Networking;
			sourceTree = "<group>";
		};
		E5A3001D2A41C35800849C67 = {
			isa = PBXGroup;
			children = (
				E5A300282A41C35800849C67 /* MyBooks */,
				E5A300392A41C35900849C67 /* MyBooksTests */,
				E5A300432A41C35900849C67 /* MyBooksUITests */,
				E5A300272A41C35800849C67 /* Products */,
			);
			sourceTree = "<group>";
		};
		E5A300272A41C35800849C67 /* Products */ = {
			isa = PBXGroup;
			children = (
				E5A300262A41C35800849C67 /* MyBooks.app */,
				E5A300362A41C35900849C67 /* MyBooksTests.xctest */,
				E5A300402A41C35900849C67 /* MyBooksUITests.xctest */,
			);
			name = Products;
			sourceTree = "<group>";
		};
		E5A300282A41C35800849C67 /* MyBooks */ = {
			isa = PBXGroup;
			children = (
				E52255F52A4244F80059392A /* Networking */,
				E52255E52A4228010059392A /* ViewModels */,
				E52255D92A41E3A90059392A /* Views */,
				E52255D22A41E2840059392A /* Models */,
				E5A300292A41C35800849C67 /* MyBooksApp.swift */,
				E5A3002D2A41C35900849C67 /* Assets.xcassets */,
				E5A3002F2A41C35900849C67 /* Preview Content */,
			);
			path = MyBooks;
			sourceTree = "<group>";
		};
		E5A3002F2A41C35900849C67 /* Preview Content */ = {
			isa = PBXGroup;
			children = (
				E5A300302A41C35900849C67 /* Preview Assets.xcassets */,
			);
			path = "Preview Content";
			sourceTree = "<group>";
		};
		E5A300392A41C35900849C67 /* MyBooksTests */ = {
			isa = PBXGroup;
			children = (
				E5FA8BE52A4437F3003E8DDF /* Networking */,
				E5FA8BF02A447EE6003E8DDF /* BookServiceTests.swift */,
				E52B51672A448C9800309FE1 /* BookViewModelTests.swift */,
				E5E1A7BA2A457FAA003796CB /* BooksServiceMock.swift */,
			);
			path = MyBooksTests;
			sourceTree = "<group>";
		};
		E5A300432A41C35900849C67 /* MyBooksUITests */ = {
			isa = PBXGroup;
			children = (
				E5A300442A41C35900849C67 /* MyBooksUITests.swift */,
				E5A300462A41C35900849C67 /* MyBooksUITestsLaunchTests.swift */,
			);
			path = MyBooksUITests;
			sourceTree = "<group>";
		};
		E5FA8BE52A4437F3003E8DDF /* Networking */ = {
			isa = PBXGroup;
			children = (
				E5FA8BEA2A445954003E8DDF /* bookListRaw.json */,
				E5FA8BE82A4441B9003E8DDF /* NetworkRequestTests.swift */,
				E5FA8BE62A44381D003E8DDF /* RequestTests.swift */,
				E5FA8BEC2A446768003E8DDF /* URLSessionMock.swift */,
				E5B1B4B92A448A0600E4F84E /* NetworkRequestMock.swift */,
			);
			path = Networking;
			sourceTree = "<group>";
		};
/* End PBXGroup section */

/* Begin PBXNativeTarget section */
		E5A300252A41C35800849C67 /* MyBooks */ = {
			isa = PBXNativeTarget;
			buildConfigurationList = E5A3004A2A41C35900849C67 /* Build configuration list for PBXNativeTarget "MyBooks" */;
			buildPhases = (
				E5A300222A41C35800849C67 /* Sources */,
				E5A300232A41C35800849C67 /* Frameworks */,
				E5A300242A41C35800849C67 /* Resources */,
			);
			buildRules = (
			);
			dependencies = (
			);
			name = MyBooks;
			productName = MyBooks;
			productReference = E5A300262A41C35800849C67 /* MyBooks.app */;
			productType = "com.apple.product-type.application";
		};
		E5A300352A41C35900849C67 /* MyBooksTests */ = {
			isa = PBXNativeTarget;
			buildConfigurationList = E5A3004D2A41C35900849C67 /* Build configuration list for PBXNativeTarget "MyBooksTests" */;
			buildPhases = (
				E5A300322A41C35900849C67 /* Sources */,
				E5A300332A41C35900849C67 /* Frameworks */,
				E5A300342A41C35900849C67 /* Resources */,
			);
			buildRules = (
			);
			dependencies = (
				E5A300382A41C35900849C67 /* PBXTargetDependency */,
			);
			name = MyBooksTests;
			productName = MyBooksTests;
			productReference = E5A300362A41C35900849C67 /* MyBooksTests.xctest */;
			productType = "com.apple.product-type.bundle.unit-test";
		};
		E5A3003F2A41C35900849C67 /* MyBooksUITests */ = {
			isa = PBXNativeTarget;
			buildConfigurationList = E5A300502A41C35900849C67 /* Build configuration list for PBXNativeTarget "MyBooksUITests" */;
			buildPhases = (
				E5A3003C2A41C35900849C67 /* Sources */,
				E5A3003D2A41C35900849C67 /* Frameworks */,
				E5A3003E2A41C35900849C67 /* Resources */,
			);
			buildRules = (
			);
			dependencies = (
				E5A300422A41C35900849C67 /* PBXTargetDependency */,
			);
			name = MyBooksUITests;
			productName = MyBooksUITests;
			productReference = E5A300402A41C35900849C67 /* MyBooksUITests.xctest */;
			productType = "com.apple.product-type.bundle.ui-testing";
		};
/* End PBXNativeTarget section */

/* Begin PBXProject section */
		E5A3001E2A41C35800849C67 /* Project object */ = {
			isa = PBXProject;
			attributes = {
				BuildIndependentTargetsInParallel = 1;
				LastSwiftUpdateCheck = 1430;
				LastUpgradeCheck = 1430;
				TargetAttributes = {
					E5A300252A41C35800849C67 = {
						CreatedOnToolsVersion = 14.3.1;
					};
					E5A300352A41C35900849C67 = {
						CreatedOnToolsVersion = 14.3.1;
						TestTargetID = E5A300252A41C35800849C67;
					};
					E5A3003F2A41C35900849C67 = {
						CreatedOnToolsVersion = 14.3.1;
						TestTargetID = E5A300252A41C35800849C67;
					};
				};
			};
			buildConfigurationList = E5A300212A41C35800849C67 /* Build configuration list for PBXProject "MyBooks" */;
			compatibilityVersion = "Xcode 14.0";
			developmentRegion = en;
			hasScannedForEncodings = 0;
			knownRegions = (
				en,
				Base,
			);
			mainGroup = E5A3001D2A41C35800849C67;
			productRefGroup = E5A300272A41C35800849C67 /* Products */;
			projectDirPath = "";
			projectRoot = "";
			targets = (
				E5A300252A41C35800849C67 /* MyBooks */,
				E5A300352A41C35900849C67 /* MyBooksTests */,
				E5A3003F2A41C35900849C67 /* MyBooksUITests */,
			);
		};
/* End PBXProject section */

/* Begin PBXResourcesBuildPhase section */
		E5A300242A41C35800849C67 /* Resources */ = {
			isa = PBXResourcesBuildPhase;
			buildActionMask = 2147483647;
			files = (
				E5A300312A41C35900849C67 /* Preview Assets.xcassets in Resources */,
				E5A3002E2A41C35900849C67 /* Assets.xcassets in Resources */,
			);
			runOnlyForDeploymentPostprocessing = 0;
		};
		E5A300342A41C35900849C67 /* Resources */ = {
			isa = PBXResourcesBuildPhase;
			buildActionMask = 2147483647;
			files = (
				E5FA8BEB2A445954003E8DDF /* bookListRaw.json in Resources */,
			);
			runOnlyForDeploymentPostprocessing = 0;
		};
		E5A3003E2A41C35900849C67 /* Resources */ = {
			isa = PBXResourcesBuildPhase;
			buildActionMask = 2147483647;
			files = (
			);
			runOnlyForDeploymentPostprocessing = 0;
		};
/* End PBXResourcesBuildPhase section */

/* Begin PBXSourcesBuildPhase section */
		E5A300222A41C35800849C67 /* Sources */ = {
			isa = PBXSourcesBuildPhase;
			buildActionMask = 2147483647;
			files = (
				E52255FC2A4246A70059392A /* NetworkRequest.swift in Sources */,
				E52255FE2A4246F40059392A /* NetworkError.swift in Sources */,
				E52255D42A41E2A30059392A /* BookListRaw.swift in Sources */,
				E52256002A4254570059392A /* MyBooksEndpoints.swift in Sources */,
				E52255FA2A42458F0059392A /* Request.swift in Sources */,
				E52255DB2A41E3D20059392A /* BookListView.swift in Sources */,
				E5A3002C2A41C35800849C67 /* ContentView.swift in Sources */,
				E52255DD2A41E5870059392A /* FavoriteListView.swift in Sources */,
				E5FA8BEF2A446F9F003E8DDF /* URLSessionProtocol.swift in Sources */,
				E5A3002A2A41C35800849C67 /* MyBooksApp.swift in Sources */,
				E52255E92A422C180059392A /* BookError.swift in Sources */,
				E52255E72A4228190059392A /* BookViewModel.swift in Sources */,
				E52255E02A421D240059392A /* CoverPageView.swift in Sources */,
				E52256022A4254B60059392A /* BooksService.swift in Sources */,
				E52255D82A41E3680059392A /* Book.swift in Sources */,
				E52255F82A42454B0059392A /* Endpoint.swift in Sources */,
				E52255D62A41E2C40059392A /* ResultRaw.swift in Sources */,
			);
			runOnlyForDeploymentPostprocessing = 0;
		};
		E5A300322A41C35900849C67 /* Sources */ = {
			isa = PBXSourcesBuildPhase;
			buildActionMask = 2147483647;
			files = (
				E5FA8BF12A447EE6003E8DDF /* BookServiceTests.swift in Sources */,
				E5FA8BED2A446768003E8DDF /* URLSessionMock.swift in Sources */,
				E5FA8BE72A44381D003E8DDF /* RequestTests.swift in Sources */,
				E52B51682A448C9800309FE1 /* BookViewModelTests.swift in Sources */,
				E5FA8BE92A4441B9003E8DDF /* NetworkRequestTests.swift in Sources */,
				E5B1B4BA2A448A0600E4F84E /* NetworkRequestMock.swift in Sources */,
				E5E1A7BB2A457FAA003796CB /* BooksServiceMock.swift in Sources */,
			);
			runOnlyForDeploymentPostprocessing = 0;
		};
		E5A3003C2A41C35900849C67 /* Sources */ = {
			isa = PBXSourcesBuildPhase;
			buildActionMask = 2147483647;
			files = (
				E5A300452A41C35900849C67 /* MyBooksUITests.swift in Sources */,
				E5A300472A41C35900849C67 /* MyBooksUITestsLaunchTests.swift in Sources */,
			);
			runOnlyForDeploymentPostprocessing = 0;
		};
/* End PBXSourcesBuildPhase section */

/* Begin PBXTargetDependency section */
		E5A300382A41C35900849C67 /* PBXTargetDependency */ = {
			isa = PBXTargetDependency;
			target = E5A300252A41C35800849C67 /* MyBooks */;
			targetProxy = E5A300372A41C35900849C67 /* PBXContainerItemProxy */;
		};
		E5A300422A41C35900849C67 /* PBXTargetDependency */ = {
			isa = PBXTargetDependency;
			target = E5A300252A41C35800849C67 /* MyBooks */;
			targetProxy = E5A300412A41C35900849C67 /* PBXContainerItemProxy */;
		};
/* End PBXTargetDependency section */

/* Begin XCBuildConfiguration section */
		E5A300482A41C35900849C67 /* Debug */ = {
			isa = XCBuildConfiguration;
			buildSettings = {
				ALWAYS_SEARCH_USER_PATHS = NO;
				CLANG_ANALYZER_NONNULL = YES;
				CLANG_ANALYZER_NUMBER_OBJECT_CONVERSION = YES_AGGRESSIVE;
				CLANG_CXX_LANGUAGE_STANDARD = "gnu++20";
				CLANG_ENABLE_MODULES = YES;
				CLANG_ENABLE_OBJC_ARC = YES;
				CLANG_ENABLE_OBJC_WEAK = YES;
				CLANG_WARN_BLOCK_CAPTURE_AUTORELEASING = YES;
				CLANG_WARN_BOOL_CONVERSION = YES;
				CLANG_WARN_COMMA = YES;
				CLANG_WARN_CONSTANT_CONVERSION = YES;
				CLANG_WARN_DEPRECATED_OBJC_IMPLEMENTATIONS = YES;
				CLANG_WARN_DIRECT_OBJC_ISA_USAGE = YES_ERROR;
				CLANG_WARN_DOCUMENTATION_COMMENTS = YES;
				CLANG_WARN_EMPTY_BODY = YES;
				CLANG_WARN_ENUM_CONVERSION = YES;
				CLANG_WARN_INFINITE_RECURSION = YES;
				CLANG_WARN_INT_CONVERSION = YES;
				CLANG_WARN_NON_LITERAL_NULL_CONVERSION = YES;
				CLANG_WARN_OBJC_IMPLICIT_RETAIN_SELF = YES;
				CLANG_WARN_OBJC_LITERAL_CONVERSION = YES;
				CLANG_WARN_OBJC_ROOT_CLASS = YES_ERROR;
				CLANG_WARN_QUOTED_INCLUDE_IN_FRAMEWORK_HEADER = YES;
				CLANG_WARN_RANGE_LOOP_ANALYSIS = YES;
				CLANG_WARN_STRICT_PROTOTYPES = YES;
				CLANG_WARN_SUSPICIOUS_MOVE = YES;
				CLANG_WARN_UNGUARDED_AVAILABILITY = YES_AGGRESSIVE;
				CLANG_WARN_UNREACHABLE_CODE = YES;
				CLANG_WARN__DUPLICATE_METHOD_MATCH = YES;
				COPY_PHASE_STRIP = NO;
				DEBUG_INFORMATION_FORMAT = dwarf;
				ENABLE_STRICT_OBJC_MSGSEND = YES;
				ENABLE_TESTABILITY = YES;
				GCC_C_LANGUAGE_STANDARD = gnu11;
				GCC_DYNAMIC_NO_PIC = NO;
				GCC_NO_COMMON_BLOCKS = YES;
				GCC_OPTIMIZATION_LEVEL = 0;
				GCC_PREPROCESSOR_DEFINITIONS = (
					"DEBUG=1",
					"$(inherited)",
				);
				GCC_WARN_64_TO_32_BIT_CONVERSION = YES;
				GCC_WARN_ABOUT_RETURN_TYPE = YES_ERROR;
				GCC_WARN_UNDECLARED_SELECTOR = YES;
				GCC_WARN_UNINITIALIZED_AUTOS = YES_AGGRESSIVE;
				GCC_WARN_UNUSED_FUNCTION = YES;
				GCC_WARN_UNUSED_VARIABLE = YES;
				IPHONEOS_DEPLOYMENT_TARGET = 16.4;
				MTL_ENABLE_DEBUG_INFO = INCLUDE_SOURCE;
				MTL_FAST_MATH = YES;
				ONLY_ACTIVE_ARCH = YES;
				SDKROOT = iphoneos;
				SWIFT_ACTIVE_COMPILATION_CONDITIONS = DEBUG;
				SWIFT_OPTIMIZATION_LEVEL = "-Onone";
			};
			name = Debug;
		};
		E5A300492A41C35900849C67 /* Release */ = {
			isa = XCBuildConfiguration;
			buildSettings = {
				ALWAYS_SEARCH_USER_PATHS = NO;
				CLANG_ANALYZER_NONNULL = YES;
				CLANG_ANALYZER_NUMBER_OBJECT_CONVERSION = YES_AGGRESSIVE;
				CLANG_CXX_LANGUAGE_STANDARD = "gnu++20";
				CLANG_ENABLE_MODULES = YES;
				CLANG_ENABLE_OBJC_ARC = YES;
				CLANG_ENABLE_OBJC_WEAK = YES;
				CLANG_WARN_BLOCK_CAPTURE_AUTORELEASING = YES;
				CLANG_WARN_BOOL_CONVERSION = YES;
				CLANG_WARN_COMMA = YES;
				CLANG_WARN_CONSTANT_CONVERSION = YES;
				CLANG_WARN_DEPRECATED_OBJC_IMPLEMENTATIONS = YES;
				CLANG_WARN_DIRECT_OBJC_ISA_USAGE = YES_ERROR;
				CLANG_WARN_DOCUMENTATION_COMMENTS = YES;
				CLANG_WARN_EMPTY_BODY = YES;
				CLANG_WARN_ENUM_CONVERSION = YES;
				CLANG_WARN_INFINITE_RECURSION = YES;
				CLANG_WARN_INT_CONVERSION = YES;
				CLANG_WARN_NON_LITERAL_NULL_CONVERSION = YES;
				CLANG_WARN_OBJC_IMPLICIT_RETAIN_SELF = YES;
				CLANG_WARN_OBJC_LITERAL_CONVERSION = YES;
				CLANG_WARN_OBJC_ROOT_CLASS = YES_ERROR;
				CLANG_WARN_QUOTED_INCLUDE_IN_FRAMEWORK_HEADER = YES;
				CLANG_WARN_RANGE_LOOP_ANALYSIS = YES;
				CLANG_WARN_STRICT_PROTOTYPES = YES;
				CLANG_WARN_SUSPICIOUS_MOVE = YES;
				CLANG_WARN_UNGUARDED_AVAILABILITY = YES_AGGRESSIVE;
				CLANG_WARN_UNREACHABLE_CODE = YES;
				CLANG_WARN__DUPLICATE_METHOD_MATCH = YES;
				COPY_PHASE_STRIP = NO;
				DEBUG_INFORMATION_FORMAT = "dwarf-with-dsym";
				ENABLE_NS_ASSERTIONS = NO;
				ENABLE_STRICT_OBJC_MSGSEND = YES;
				GCC_C_LANGUAGE_STANDARD = gnu11;
				GCC_NO_COMMON_BLOCKS = YES;
				GCC_WARN_64_TO_32_BIT_CONVERSION = YES;
				GCC_WARN_ABOUT_RETURN_TYPE = YES_ERROR;
				GCC_WARN_UNDECLARED_SELECTOR = YES;
				GCC_WARN_UNINITIALIZED_AUTOS = YES_AGGRESSIVE;
				GCC_WARN_UNUSED_FUNCTION = YES;
				GCC_WARN_UNUSED_VARIABLE = YES;
				IPHONEOS_DEPLOYMENT_TARGET = 16.4;
				MTL_ENABLE_DEBUG_INFO = NO;
				MTL_FAST_MATH = YES;
				SDKROOT = iphoneos;
				SWIFT_COMPILATION_MODE = wholemodule;
				SWIFT_OPTIMIZATION_LEVEL = "-O";
				VALIDATE_PRODUCT = YES;
			};
			name = Release;
		};
		E5A3004B2A41C35900849C67 /* Debug */ = {
			isa = XCBuildConfiguration;
			buildSettings = {
				ASSETCATALOG_COMPILER_APPICON_NAME = AppIcon;
				ASSETCATALOG_COMPILER_GLOBAL_ACCENT_COLOR_NAME = AccentColor;
				CODE_SIGN_STYLE = Automatic;
				CURRENT_PROJECT_VERSION = 1;
				DEVELOPMENT_ASSET_PATHS = "\"MyBooks/Preview Content\"";
				DEVELOPMENT_TEAM = B9D9MCDK6S;
				ENABLE_PREVIEWS = YES;
				GENERATE_INFOPLIST_FILE = YES;
				INFOPLIST_KEY_UIApplicationSceneManifest_Generation = YES;
				INFOPLIST_KEY_UIApplicationSupportsIndirectInputEvents = YES;
				INFOPLIST_KEY_UILaunchScreen_Generation = YES;
				INFOPLIST_KEY_UISupportedInterfaceOrientations_iPad = "UIInterfaceOrientationPortrait UIInterfaceOrientationPortraitUpsideDown UIInterfaceOrientationLandscapeLeft UIInterfaceOrientationLandscapeRight";
				INFOPLIST_KEY_UISupportedInterfaceOrientations_iPhone = "UIInterfaceOrientationPortrait UIInterfaceOrientationLandscapeLeft UIInterfaceOrientationLandscapeRight";
				LD_RUNPATH_SEARCH_PATHS = (
					"$(inherited)",
					"@executable_path/Frameworks",
				);
				MARKETING_VERSION = 1.0;
				PRODUCT_BUNDLE_IDENTIFIER = com.stylianosdimitriou.MyBooks;
				PRODUCT_NAME = "$(TARGET_NAME)";
				SWIFT_EMIT_LOC_STRINGS = YES;
				SWIFT_VERSION = 5.0;
				TARGETED_DEVICE_FAMILY = "1,2";
			};
			name = Debug;
		};
		E5A3004C2A41C35900849C67 /* Release */ = {
			isa = XCBuildConfiguration;
			buildSettings = {
				ASSETCATALOG_COMPILER_APPICON_NAME = AppIcon;
				ASSETCATALOG_COMPILER_GLOBAL_ACCENT_COLOR_NAME = AccentColor;
				CODE_SIGN_STYLE = Automatic;
				CURRENT_PROJECT_VERSION = 1;
				DEVELOPMENT_ASSET_PATHS = "\"MyBooks/Preview Content\"";
				DEVELOPMENT_TEAM = B9D9MCDK6S;
				ENABLE_PREVIEWS = YES;
				GENERATE_INFOPLIST_FILE = YES;
				INFOPLIST_KEY_UIApplicationSceneManifest_Generation = YES;
				INFOPLIST_KEY_UIApplicationSupportsIndirectInputEvents = YES;
				INFOPLIST_KEY_UILaunchScreen_Generation = YES;
				INFOPLIST_KEY_UISupportedInterfaceOrientations_iPad = "UIInterfaceOrientationPortrait UIInterfaceOrientationPortraitUpsideDown UIInterfaceOrientationLandscapeLeft UIInterfaceOrientationLandscapeRight";
				INFOPLIST_KEY_UISupportedInterfaceOrientations_iPhone = "UIInterfaceOrientationPortrait UIInterfaceOrientationLandscapeLeft UIInterfaceOrientationLandscapeRight";
				LD_RUNPATH_SEARCH_PATHS = (
					"$(inherited)",
					"@executable_path/Frameworks",
				);
				MARKETING_VERSION = 1.0;
				PRODUCT_BUNDLE_IDENTIFIER = com.stylianosdimitriou.MyBooks;
				PRODUCT_NAME = "$(TARGET_NAME)";
				SWIFT_EMIT_LOC_STRINGS = YES;
				SWIFT_VERSION = 5.0;
				TARGETED_DEVICE_FAMILY = "1,2";
			};
			name = Release;
		};
		E5A3004E2A41C35900849C67 /* Debug */ = {
			isa = XCBuildConfiguration;
			buildSettings = {
				ALWAYS_EMBED_SWIFT_STANDARD_LIBRARIES = YES;
				BUNDLE_LOADER = "$(TEST_HOST)";
				CODE_SIGN_STYLE = Automatic;
				CURRENT_PROJECT_VERSION = 1;
				DEVELOPMENT_TEAM = B9D9MCDK6S;
				GENERATE_INFOPLIST_FILE = YES;
				IPHONEOS_DEPLOYMENT_TARGET = 16.4;
				MARKETING_VERSION = 1.0;
				PRODUCT_BUNDLE_IDENTIFIER = com.stylianosdimitriou.MyBooksTests;
				PRODUCT_NAME = "$(TARGET_NAME)";
				SWIFT_EMIT_LOC_STRINGS = NO;
				SWIFT_VERSION = 5.0;
				TARGETED_DEVICE_FAMILY = "1,2";
				TEST_HOST = "$(BUILT_PRODUCTS_DIR)/MyBooks.app/$(BUNDLE_EXECUTABLE_FOLDER_PATH)/MyBooks";
			};
			name = Debug;
		};
		E5A3004F2A41C35900849C67 /* Release */ = {
			isa = XCBuildConfiguration;
			buildSettings = {
				ALWAYS_EMBED_SWIFT_STANDARD_LIBRARIES = YES;
				BUNDLE_LOADER = "$(TEST_HOST)";
				CODE_SIGN_STYLE = Automatic;
				CURRENT_PROJECT_VERSION = 1;
				DEVELOPMENT_TEAM = B9D9MCDK6S;
				GENERATE_INFOPLIST_FILE = YES;
				IPHONEOS_DEPLOYMENT_TARGET = 16.4;
				MARKETING_VERSION = 1.0;
				PRODUCT_BUNDLE_IDENTIFIER = com.stylianosdimitriou.MyBooksTests;
				PRODUCT_NAME = "$(TARGET_NAME)";
				SWIFT_EMIT_LOC_STRINGS = NO;
				SWIFT_VERSION = 5.0;
				TARGETED_DEVICE_FAMILY = "1,2";
				TEST_HOST = "$(BUILT_PRODUCTS_DIR)/MyBooks.app/$(BUNDLE_EXECUTABLE_FOLDER_PATH)/MyBooks";
			};
			name = Release;
		};
		E5A300512A41C35900849C67 /* Debug */ = {
			isa = XCBuildConfiguration;
			buildSettings = {
				ALWAYS_EMBED_SWIFT_STANDARD_LIBRARIES = YES;
				CODE_SIGN_STYLE = Automatic;
				CURRENT_PROJECT_VERSION = 1;
				DEVELOPMENT_TEAM = B9D9MCDK6S;
				GENERATE_INFOPLIST_FILE = YES;
				MARKETING_VERSION = 1.0;
				PRODUCT_BUNDLE_IDENTIFIER = com.stylianosdimitriou.MyBooksUITests;
				PRODUCT_NAME = "$(TARGET_NAME)";
				SWIFT_EMIT_LOC_STRINGS = NO;
				SWIFT_VERSION = 5.0;
				TARGETED_DEVICE_FAMILY = "1,2";
				TEST_TARGET_NAME = MyBooks;
			};
			name = Debug;
		};
		E5A300522A41C35900849C67 /* Release */ = {
			isa = XCBuildConfiguration;
			buildSettings = {
				ALWAYS_EMBED_SWIFT_STANDARD_LIBRARIES = YES;
				CODE_SIGN_STYLE = Automatic;
				CURRENT_PROJECT_VERSION = 1;
				DEVELOPMENT_TEAM = B9D9MCDK6S;
				GENERATE_INFOPLIST_FILE = YES;
				MARKETING_VERSION = 1.0;
				PRODUCT_BUNDLE_IDENTIFIER = com.stylianosdimitriou.MyBooksUITests;
				PRODUCT_NAME = "$(TARGET_NAME)";
				SWIFT_EMIT_LOC_STRINGS = NO;
				SWIFT_VERSION = 5.0;
				TARGETED_DEVICE_FAMILY = "1,2";
				TEST_TARGET_NAME = MyBooks;
			};
			name = Release;
		};
/* End XCBuildConfiguration section */

/* Begin XCConfigurationList section */
		E5A300212A41C35800849C67 /* Build configuration list for PBXProject "MyBooks" */ = {
			isa = XCConfigurationList;
			buildConfigurations = (
				E5A300482A41C35900849C67 /* Debug */,
				E5A300492A41C35900849C67 /* Release */,
			);
			defaultConfigurationIsVisible = 0;
			defaultConfigurationName = Release;
		};
		E5A3004A2A41C35900849C67 /* Build configuration list for PBXNativeTarget "MyBooks" */ = {
			isa = XCConfigurationList;
			buildConfigurations = (
				E5A3004B2A41C35900849C67 /* Debug */,
				E5A3004C2A41C35900849C67 /* Release */,
			);
			defaultConfigurationIsVisible = 0;
			defaultConfigurationName = Release;
		};
		E5A3004D2A41C35900849C67 /* Build configuration list for PBXNativeTarget "MyBooksTests" */ = {
			isa = XCConfigurationList;
			buildConfigurations = (
				E5A3004E2A41C35900849C67 /* Debug */,
				E5A3004F2A41C35900849C67 /* Release */,
			);
			defaultConfigurationIsVisible = 0;
			defaultConfigurationName = Release;
		};
		E5A300502A41C35900849C67 /* Build configuration list for PBXNativeTarget "MyBooksUITests" */ = {
			isa = XCConfigurationList;
			buildConfigurations = (
				E5A300512A41C35900849C67 /* Debug */,
				E5A300522A41C35900849C67 /* Release */,
			);
			defaultConfigurationIsVisible = 0;
			defaultConfigurationName = Release;
		};
/* End XCConfigurationList section */
	};
	rootObject = E5A3001E2A41C35800849C67 /* Project object */;
}
